// !$*UTF8*$!
{
	archiveVersion = 1;
	classes = {
	};
	objectVersion = 56;
	objects = {

/* Begin PBXBuildFile section */
		C052C48A2C258C43004CBC1C /* HeaderCollectionReusableView.swift in Sources */ = {isa = PBXBuildFile; fileRef = C052C4892C258C43004CBC1C /* HeaderCollectionReusableView.swift */; };
		C0AC67FD2C28196A00F2BB46 /* CircleCollectionViewCell.swift in Sources */ = {isa = PBXBuildFile; fileRef = C0AC67FC2C28196A00F2BB46 /* CircleCollectionViewCell.swift */; };
		C0AC68022C29182D00F2BB46 /* MyCollectionViewCell.xib in Resources */ = {isa = PBXBuildFile; fileRef = C0AC68012C29182D00F2BB46 /* MyCollectionViewCell.xib */; };
		C0AC68032C29182D00F2BB46 /* MyCollectionViewCell.swift in Sources */ = {isa = PBXBuildFile; fileRef = C0AC68002C29182D00F2BB46 /* MyCollectionViewCell.swift */; };
		C0BB658C2C256FE000518203 /* AppDelegate.swift in Sources */ = {isa = PBXBuildFile; fileRef = C0BB658B2C256FE000518203 /* AppDelegate.swift */; };
		C0BB658E2C256FE000518203 /* SceneDelegate.swift in Sources */ = {isa = PBXBuildFile; fileRef = C0BB658D2C256FE000518203 /* SceneDelegate.swift */; };
		C0BB65902C256FE000518203 /* ViewController.swift in Sources */ = {isa = PBXBuildFile; fileRef = C0BB658F2C256FE000518203 /* ViewController.swift */; };
		C0BB65932C256FE000518203 /* Base in Resources */ = {isa = PBXBuildFile; fileRef = C0BB65922C256FE000518203 /* Base */; };
		C0BB65952C256FE100518203 /* Assets.xcassets in Resources */ = {isa = PBXBuildFile; fileRef = C0BB65942C256FE100518203 /* Assets.xcassets */; };
		C0BB65982C256FE100518203 /* Base in Resources */ = {isa = PBXBuildFile; fileRef = C0BB65972C256FE100518203 /* Base */; };
/* End PBXBuildFile section */

/* Begin PBXFileReference section */
		C052C4892C258C43004CBC1C /* HeaderCollectionReusableView.swift */ = {isa = PBXFileReference; lastKnownFileType = sourcecode.swift; path = HeaderCollectionReusableView.swift; sourceTree = "<group>"; };
		C0AC67FC2C28196A00F2BB46 /* CircleCollectionViewCell.swift */ = {isa = PBXFileReference; lastKnownFileType = sourcecode.swift; path = CircleCollectionViewCell.swift; sourceTree = "<group>"; };
		C0AC68002C29182D00F2BB46 /* MyCollectionViewCell.swift */ = {isa = PBXFileReference; lastKnownFileType = sourcecode.swift; path = MyCollectionViewCell.swift; sourceTree = "<group>"; };
		C0AC68012C29182D00F2BB46 /* MyCollectionViewCell.xib */ = {isa = PBXFileReference; lastKnownFileType = file.xib; path = MyCollectionViewCell.xib; sourceTree = "<group>"; };
		C0BB65882C256FE000518203 /* MyCollectionApp.app */ = {isa = PBXFileReference; explicitFileType = wrapper.application; includeInIndex = 0; path = MyCollectionApp.app; sourceTree = BUILT_PRODUCTS_DIR; };
		C0BB658B2C256FE000518203 /* AppDelegate.swift */ = {isa = PBXFileReference; lastKnownFileType = sourcecode.swift; path = AppDelegate.swift; sourceTree = "<group>"; };
		C0BB658D2C256FE000518203 /* SceneDelegate.swift */ = {isa = PBXFileReference; lastKnownFileType = sourcecode.swift; path = SceneDelegate.swift; sourceTree = "<group>"; };
		C0BB658F2C256FE000518203 /* ViewController.swift */ = {isa = PBXFileReference; lastKnownFileType = sourcecode.swift; path = ViewController.swift; sourceTree = "<group>"; };
		C0BB65922C256FE000518203 /* Base */ = {isa = PBXFileReference; lastKnownFileType = file.storyboard; name = Base; path = Base.lproj/Main.storyboard; sourceTree = "<group>"; };
		C0BB65942C256FE100518203 /* Assets.xcassets */ = {isa = PBXFileReference; lastKnownFileType = folder.assetcatalog; path = Assets.xcassets; sourceTree = "<group>"; };
		C0BB65972C256FE100518203 /* Base */ = {isa = PBXFileReference; lastKnownFileType = file.storyboard; name = Base; path = Base.lproj/LaunchScreen.storyboard; sourceTree = "<group>"; };
		C0BB65992C256FE100518203 /* Info.plist */ = {isa = PBXFileReference; lastKnownFileType = text.plist.xml; path = Info.plist; sourceTree = "<group>"; };
/* End PBXFileReference section */

/* Begin PBXFrameworksBuildPhase section */
		C0BB65852C256FE000518203 /* Frameworks */ = {
			isa = PBXFrameworksBuildPhase;
			buildActionMask = 2147483647;
			files = (
			);
			runOnlyForDeploymentPostprocessing = 0;
		};
/* End PBXFrameworksBuildPhase section */

/* Begin PBXGroup section */
		C0BB657F2C256FE000518203 = {
			isa = PBXGroup;
			children = (
				C0BB658A2C256FE000518203 /* MyCollectionApp */,
				C0BB65892C256FE000518203 /* Products */,
			);
			sourceTree = "<group>";
		};
		C0BB65892C256FE000518203 /* Products */ = {
			isa = PBXGroup;
			children = (
				C0BB65882C256FE000518203 /* MyCollectionApp.app */,
			);
			name = Products;
			sourceTree = "<group>";
		};
		C0BB658A2C256FE000518203 /* MyCollectionApp */ = {
			isa = PBXGroup;
			children = (
				C0BB658B2C256FE000518203 /* AppDelegate.swift */,
				C0BB658D2C256FE000518203 /* SceneDelegate.swift */,
				C0BB658F2C256FE000518203 /* ViewController.swift */,
				C0BB65912C256FE000518203 /* Main.storyboard */,
				C0BB65942C256FE100518203 /* Assets.xcassets */,
				C0BB65962C256FE100518203 /* LaunchScreen.storyboard */,
				C0BB65992C256FE100518203 /* Info.plist */,
				C052C4892C258C43004CBC1C /* HeaderCollectionReusableView.swift */,
				C0AC67FC2C28196A00F2BB46 /* CircleCollectionViewCell.swift */,
				C0AC68002C29182D00F2BB46 /* MyCollectionViewCell.swift */,
				C0AC68012C29182D00F2BB46 /* MyCollectionViewCell.xib */,
			);
			path = MyCollectionApp;
			sourceTree = "<group>";
		};
/* End PBXGroup section */

/* Begin PBXNativeTarget section */
		C0BB65872C256FE000518203 /* MyCollectionApp */ = {
			isa = PBXNativeTarget;
			buildConfigurationList = C0BB659C2C256FE100518203 /* Build configuration list for PBXNativeTarget "MyCollectionApp" */;
			buildPhases = (
				C0BB65842C256FE000518203 /* Sources */,
				C0BB65852C256FE000518203 /* Frameworks */,
				C0BB65862C256FE000518203 /* Resources */,
			);
			buildRules = (
			);
			dependencies = (
			);
			name = MyCollectionApp;
			productName = MyCollectionApp;
			productReference = C0BB65882C256FE000518203 /* MyCollectionApp.app */;
			productType = "com.apple.product-type.application";
		};
/* End PBXNativeTarget section */

/* Begin PBXProject section */
		C0BB65802C256FE000518203 /* Project object */ = {
			isa = PBXProject;
			attributes = {
				BuildIndependentTargetsInParallel = 1;
				LastSwiftUpdateCheck = 1540;
				LastUpgradeCheck = 1540;
				TargetAttributes = {
					C0BB65872C256FE000518203 = {
						CreatedOnToolsVersion = 15.4;
					};
				};
			};
			buildConfigurationList = C0BB65832C256FE000518203 /* Build configuration list for PBXProject "MyCollectionApp" */;
			compatibilityVersion = "Xcode 14.0";
			developmentRegion = en;
			hasScannedForEncodings = 0;
			knownRegions = (
				en,
				Base,
			);
			mainGroup = C0BB657F2C256FE000518203;
			productRefGroup = C0BB65892C256FE000518203 /* Products */;
			projectDirPath = "";
			projectRoot = "";
			targets = (
				C0BB65872C256FE000518203 /* MyCollectionApp */,
			);
		};
/* End PBXProject section */

/* Begin PBXResourcesBuildPhase section */
		C0BB65862C256FE000518203 /* Resources */ = {
			isa = PBXResourcesBuildPhase;
			buildActionMask = 2147483647;
			files = (
				C0BB65952C256FE100518203 /* Assets.xcassets in Resources */,
				C0BB65982C256FE100518203 /* Base in Resources */,
				C0AC68022C29182D00F2BB46 /* MyCollectionViewCell.xib in Resources */,
				C0BB65932C256FE000518203 /* Base in Resources */,
			);
			runOnlyForDeploymentPostprocessing = 0;
		};
/* End PBXResourcesBuildPhase section */

/* Begin PBXSourcesBuildPhase section */
		C0BB65842C256FE000518203 /* Sources */ = {
			isa = PBXSourcesBuildPhase;
			buildActionMask = 2147483647;
			files = (
				C0BB65902C256FE000518203 /* ViewController.swift in Sources */,
				C0BB658C2C256FE000518203 /* AppDelegate.swift in Sources */,
				C0AC68032C29182D00F2BB46 /* MyCollectionViewCell.swift in Sources */,
				C0AC67FD2C28196A00F2BB46 /* CircleCollectionViewCell.swift in Sources */,
				C052C48A2C258C43004CBC1C /* HeaderCollectionReusableView.swift in Sources */,
				C0BB658E2C256FE000518203 /* SceneDelegate.swift in Sources */,
			);
			runOnlyForDeploymentPostprocessing = 0;
		};
/* End PBXSourcesBuildPhase section */

/* Begin PBXVariantGroup section */
		C0BB65912C256FE000518203 /* Main.storyboard */ = {
			isa = PBXVariantGroup;
			children = (
				C0BB65922C256FE000518203 /* Base */,
			);
			name = Main.storyboard;
			sourceTree = "<group>";
		};
		C0BB65962C256FE100518203 /* LaunchScreen.storyboard */ = {
			isa = PBXVariantGroup;
			children = (
				C0BB65972C256FE100518203 /* Base */,
			);
			name = LaunchScreen.storyboard;
			sourceTree = "<group>";
		};
/* End PBXVariantGroup section */

/* Begin XCBuildConfiguration section */
		C0BB659A2C256FE100518203 /* Debug */ = {
			isa = XCBuildConfiguration;
			buildSettings = {
				ALWAYS_SEARCH_USER_PATHS = NO;
				ASSETCATALOG_COMPILER_GENERATE_SWIFT_ASSET_SYMBOL_EXTENSIONS = YES;
				CLANG_ANALYZER_NONNULL = YES;
				CLANG_ANALYZER_NUMBER_OBJECT_CONVERSION = YES_AGGRESSIVE;
				CLANG_CXX_LANGUAGE_STANDARD = "gnu++20";
				CLANG_ENABLE_MODULES = YES;
				CLANG_ENABLE_OBJC_ARC = YES;
				CLANG_ENABLE_OBJC_WEAK = YES;
				CLANG_WARN_BLOCK_CAPTURE_AUTORELEASING = YES;
				CLANG_WARN_BOOL_CONVERSION = YES;
				CLANG_WARN_COMMA = YES;
				CLANG_WARN_CONSTANT_CONVERSION = YES;
				CLANG_WARN_DEPRECATED_OBJC_IMPLEMENTATIONS = YES;
				CLANG_WARN_DIRECT_OBJC_ISA_USAGE = YES_ERROR;
				CLANG_WARN_DOCUMENTATION_COMMENTS = YES;
				CLANG_WARN_EMPTY_BODY = YES;
				CLANG_WARN_ENUM_CONVERSION = YES;
				CLANG_WARN_INFINITE_RECURSION = YES;
				CLANG_WARN_INT_CONVERSION = YES;
				CLANG_WARN_NON_LITERAL_NULL_CONVERSION = YES;
				CLANG_WARN_OBJC_IMPLICIT_RETAIN_SELF = YES;
				CLANG_WARN_OBJC_LITERAL_CONVERSION = YES;
				CLANG_WARN_OBJC_ROOT_CLASS = YES_ERROR;
				CLANG_WARN_QUOTED_INCLUDE_IN_FRAMEWORK_HEADER = YES;
				CLANG_WARN_RANGE_LOOP_ANALYSIS = YES;
				CLANG_WARN_STRICT_PROTOTYPES = YES;
				CLANG_WARN_SUSPICIOUS_MOVE = YES;
				CLANG_WARN_UNGUARDED_AVAILABILITY = YES_AGGRESSIVE;
				CLANG_WARN_UNREACHABLE_CODE = YES;
				CLANG_WARN__DUPLICATE_METHOD_MATCH = YES;
				COPY_PHASE_STRIP = NO;
				DEBUG_INFORMATION_FORMAT = dwarf;
				ENABLE_STRICT_OBJC_MSGSEND = YES;
				ENABLE_TESTABILITY = YES;
				ENABLE_USER_SCRIPT_SANDBOXING = YES;
				GCC_C_LANGUAGE_STANDARD = gnu17;
				GCC_DYNAMIC_NO_PIC = NO;
				GCC_NO_COMMON_BLOCKS = YES;
				GCC_OPTIMIZATION_LEVEL = 0;
				GCC_PREPROCESSOR_DEFINITIONS = (
					"DEBUG=1",
					"$(inherited)",
				);
				GCC_WARN_64_TO_32_BIT_CONVERSION = YES;
				GCC_WARN_ABOUT_RETURN_TYPE = YES_ERROR;
				GCC_WARN_UNDECLARED_SELECTOR = YES;
				GCC_WARN_UNINITIALIZED_AUTOS = YES_AGGRESSIVE;
				GCC_WARN_UNUSED_FUNCTION = YES;
				GCC_WARN_UNUSED_VARIABLE = YES;
				IPHONEOS_DEPLOYMENT_TARGET = 17.5;
				LOCALIZATION_PREFERS_STRING_CATALOGS = YES;
				MTL_ENABLE_DEBUG_INFO = INCLUDE_SOURCE;
				MTL_FAST_MATH = YES;
				ONLY_ACTIVE_ARCH = YES;
				SDKROOT = iphoneos;
				SWIFT_ACTIVE_COMPILATION_CONDITIONS = "DEBUG $(inherited)";
				SWIFT_OPTIMIZATION_LEVEL = "-Onone";
			};
			name = Debug;
		};
		C0BB659B2C256FE100518203 /* Release */ = {
			isa = XCBuildConfiguration;
			buildSettings = {
				ALWAYS_SEARCH_USER_PATHS = NO;
				ASSETCATALOG_COMPILER_GENERATE_SWIFT_ASSET_SYMBOL_EXTENSIONS = YES;
				CLANG_ANALYZER_NONNULL = YES;
				CLANG_ANALYZER_NUMBER_OBJECT_CONVERSION = YES_AGGRESSIVE;
				CLANG_CXX_LANGUAGE_STANDARD = "gnu++20";
				CLANG_ENABLE_MODULES = YES;
				CLANG_ENABLE_OBJC_ARC = YES;
				CLANG_ENABLE_OBJC_WEAK = YES;
				CLANG_WARN_BLOCK_CAPTURE_AUTORELEASING = YES;
				CLANG_WARN_BOOL_CONVERSION = YES;
				CLANG_WARN_COMMA = YES;
				CLANG_WARN_CONSTANT_CONVERSION = YES;
				CLANG_WARN_DEPRECATED_OBJC_IMPLEMENTATIONS = YES;
				CLANG_WARN_DIRECT_OBJC_ISA_USAGE = YES_ERROR;
				CLANG_WARN_DOCUMENTATION_COMMENTS = YES;
				CLANG_WARN_EMPTY_BODY = YES;
				CLANG_WARN_ENUM_CONVERSION = YES;
				CLANG_WARN_INFINITE_RECURSION = YES;
				CLANG_WARN_INT_CONVERSION = YES;
				CLANG_WARN_NON_LITERAL_NULL_CONVERSION = YES;
				CLANG_WARN_OBJC_IMPLICIT_RETAIN_SELF = YES;
				CLANG_WARN_OBJC_LITERAL_CONVERSION = YES;
				CLANG_WARN_OBJC_ROOT_CLASS = YES_ERROR;
				CLANG_WARN_QUOTED_INCLUDE_IN_FRAMEWORK_HEADER = YES;
				CLANG_WARN_RANGE_LOOP_ANALYSIS = YES;
				CLANG_WARN_STRICT_PROTOTYPES = YES;
				CLANG_WARN_SUSPICIOUS_MOVE = YES;
				CLANG_WARN_UNGUARDED_AVAILABILITY = YES_AGGRESSIVE;
				CLANG_WARN_UNREACHABLE_CODE = YES;
				CLANG_WARN__DUPLICATE_METHOD_MATCH = YES;
				COPY_PHASE_STRIP = NO;
				DEBUG_INFORMATION_FORMAT = "dwarf-with-dsym";
				ENABLE_NS_ASSERTIONS = NO;
				ENABLE_STRICT_OBJC_MSGSEND = YES;
				ENABLE_USER_SCRIPT_SANDBOXING = YES;
				GCC_C_LANGUAGE_STANDARD = gnu17;
				GCC_NO_COMMON_BLOCKS = YES;
				GCC_WARN_64_TO_32_BIT_CONVERSION = YES;
				GCC_WARN_ABOUT_RETURN_TYPE = YES_ERROR;
				GCC_WARN_UNDECLARED_SELECTOR = YES;
				GCC_WARN_UNINITIALIZED_AUTOS = YES_AGGRESSIVE;
				GCC_WARN_UNUSED_FUNCTION = YES;
				GCC_WARN_UNUSED_VARIABLE = YES;
				IPHONEOS_DEPLOYMENT_TARGET = 17.5;
				LOCALIZATION_PREFERS_STRING_CATALOGS = YES;
				MTL_ENABLE_DEBUG_INFO = NO;
				MTL_FAST_MATH = YES;
				SDKROOT = iphoneos;
				SWIFT_COMPILATION_MODE = wholemodule;
				VALIDATE_PRODUCT = YES;
			};
			name = Release;
		};
		C0BB659D2C256FE100518203 /* Debug */ = {
			isa = XCBuildConfiguration;
			buildSettings = {
				ASSETCATALOG_COMPILER_APPICON_NAME = AppIcon;
				ASSETCATALOG_COMPILER_GLOBAL_ACCENT_COLOR_NAME = AccentColor;
				CODE_SIGN_STYLE = Automatic;
				CURRENT_PROJECT_VERSION = 1;
				DEVELOPMENT_TEAM = 45C3927649;
				GENERATE_INFOPLIST_FILE = YES;
				INFOPLIST_FILE = MyCollectionApp/Info.plist;
				INFOPLIST_KEY_UIApplicationSupportsIndirectInputEvents = YES;
				INFOPLIST_KEY_UILaunchStoryboardName = LaunchScreen;
				INFOPLIST_KEY_UIMainStoryboardFile = Main;
				INFOPLIST_KEY_UISupportedInterfaceOrientations_iPad = "UIInterfaceOrientationPortrait UIInterfaceOrientationPortraitUpsideDown UIInterfaceOrientationLandscapeLeft UIInterfaceOrientationLandscapeRight";
				INFOPLIST_KEY_UISupportedInterfaceOrientations_iPhone = "UIInterfaceOrientationPortrait UIInterfaceOrientationLandscapeLeft UIInterfaceOrientationLandscapeRight";
				LD_RUNPATH_SEARCH_PATHS = (
					"$(inherited)",
					"@executable_path/Frameworks",
				);
				MARKETING_VERSION = 1.0;
				PRODUCT_BUNDLE_IDENTIFIER = booya.MyCollectionApp;
				PRODUCT_NAME = "$(TARGET_NAME)";
				SWIFT_EMIT_LOC_STRINGS = YES;
				SWIFT_VERSION = 5.0;
				TARGETED_DEVICE_FAMILY = "1,2";
			};
			name = Debug;
		};
		C0BB659E2C256FE100518203 /* Release */ = {
			isa = XCBuildConfiguration;
			buildSettings = {
				ASSETCATALOG_COMPILER_APPICON_NAME = AppIcon;
				ASSETCATALOG_COMPILER_GLOBAL_ACCENT_COLOR_NAME = AccentColor;
				CODE_SIGN_STYLE = Automatic;
				CURRENT_PROJECT_VERSION = 1;
				DEVELOPMENT_TEAM = 45C3927649;
				GENERATE_INFOPLIST_FILE = YES;
				INFOPLIST_FILE = MyCollectionApp/Info.plist;
				INFOPLIST_KEY_UIApplicationSupportsIndirectInputEvents = YES;
				INFOPLIST_KEY_UILaunchStoryboardName = LaunchScreen;
				INFOPLIST_KEY_UIMainStoryboardFile = Main;
				INFOPLIST_KEY_UISupportedInterfaceOrientations_iPad = "UIInterfaceOrientationPortrait UIInterfaceOrientationPortraitUpsideDown UIInterfaceOrientationLandscapeLeft UIInterfaceOrientationLandscapeRight";
				INFOPLIST_KEY_UISupportedInterfaceOrientations_iPhone = "UIInterfaceOrientationPortrait UIInterfaceOrientationLandscapeLeft UIInterfaceOrientationLandscapeRight";
				LD_RUNPATH_SEARCH_PATHS = (
					"$(inherited)",
					"@executable_path/Frameworks",
				);
				MARKETING_VERSION = 1.0;
				PRODUCT_BUNDLE_IDENTIFIER = booya.MyCollectionApp;
				PRODUCT_NAME = "$(TARGET_NAME)";
				SWIFT_EMIT_LOC_STRINGS = YES;
				SWIFT_VERSION = 5.0;
				TARGETED_DEVICE_FAMILY = "1,2";
			};
			name = Release;
		};
/* End XCBuildConfiguration section */

/* Begin XCConfigurationList section */
		C0BB65832C256FE000518203 /* Build configuration list for PBXProject "MyCollectionApp" */ = {
			isa = XCConfigurationList;
			buildConfigurations = (
				C0BB659A2C256FE100518203 /* Debug */,
				C0BB659B2C256FE100518203 /* Release */,
			);
			defaultConfigurationIsVisible = 0;
			defaultConfigurationName = Release;
		};
		C0BB659C2C256FE100518203 /* Build configuration list for PBXNativeTarget "MyCollectionApp" */ = {
			isa = XCConfigurationList;
			buildConfigurations = (
				C0BB659D2C256FE100518203 /* Debug */,
				C0BB659E2C256FE100518203 /* Release */,
			);
			defaultConfigurationIsVisible = 0;
			defaultConfigurationName = Release;
		};
/* End XCConfigurationList section */
	};
	rootObject = C0BB65802C256FE000518203 /* Project object */;
}
